
Microsoft Visual Studio Solution File, Format Version 12.00
# Visual Studio Version 17
VisualStudioVersion = 17.11.35303.130
MinimumVisualStudioVersion = 10.0.40219.1
Project("{8BC9CEB8-8B4A-11D0-8D11-00A0C91BC942}") = "MyTemplate", "MyTemplate\MyTemplate.vcxproj", "{8E911371-41E3-4A87-86E8-F0576343ADB4}"
EndProject
Project("{8BC9CEB8-8B4A-11D0-8D11-00A0C91BC942}") = "WeekendOrWorkingDay", "WeekendOrWorkingDay\WeekendOrWorkingDay.vcxproj", "{C6BD46F0-3D0A-415B-A1A3-CF235F858B4B}"
EndProject
Project("{8BC9CEB8-8B4A-11D0-8D11-00A0C91BC942}") = "DayOfWeek", "DayOfWeek\DayOfWeek.vcxproj", "{5581CDE9-75E5-42FE-B704-D0E2C8366594}"
EndProject
Project("{8BC9CEB8-8B4A-11D0-8D11-00A0C91BC942}") = "AnimalType", "AnimalType\AnimalType.vcxproj", "{F2A79729-ADDA-4813-8D69-51E7B6A14148}"
EndProject
Project("{8BC9CEB8-8B4A-11D0-8D11-00A0C91BC942}") = "PersonalTitles", "PersonalTitles\PersonalTitles.vcxproj", "{5BB84E96-DC83-4192-9EB0-7D1FBAEFF53A}"
EndProject
Project("{8BC9CEB8-8B4A-11D0-8D11-00A0C91BC942}") = "SmallShop", "SmallShop\SmallShop.vcxproj", "{46AEA642-FF3D-425B-908D-B2D1A2A8E589}"
EndProject
Project("{8BC9CEB8-8B4A-11D0-8D11-00A0C91BC942}") = "NumberInRange", "NumberInRange\NumberInRange.vcxproj", "{B0D5F1E0-6735-48E0-BE17-7BEB9587E035}"
EndProject
Project("{8BC9CEB8-8B4A-11D0-8D11-00A0C91BC942}") = "WorkingHours", "WorkingHours\WorkingHours.vcxproj", "{83B0C5BA-F9DF-44C9-A685-24A1D50EF0AD}"
EndProject
Project("{8BC9CEB8-8B4A-11D0-8D11-00A0C91BC942}") = "CinemaTicket", "CinemaTicket\CinemaTicket.vcxproj", "{4A2FDE83-B34C-4836-8359-11EA03BF8A7F}"
EndProject
Project("{8BC9CEB8-8B4A-11D0-8D11-00A0C91BC942}") = "FruitOrVegetable", "FruitOrVegetable\FruitOrVegetable.vcxproj", "{9823C5FD-5797-4240-B15D-47DB03AC2628}"
EndProject
Project("{8BC9CEB8-8B4A-11D0-8D11-00A0C91BC942}") = "InvalidNumber", "InvalidNumber\InvalidNumber.vcxproj", "{DBBC3B37-2001-4753-9090-F57B08DE111C}"
EndProject
Project("{8BC9CEB8-8B4A-11D0-8D11-00A0C91BC942}") = "FruitShop", "FruitShop\FruitShop.vcxproj", "{082106C4-5B9F-4AD2-9AF0-2B0A52D0B794}"
EndProject
Project("{8BC9CEB8-8B4A-11D0-8D11-00A0C91BC942}") = "TradeCommissions", "TradeCommissions\TradeCommissions.vcxproj", "{A3BC236C-4EB1-4E81-826F-AA19B754543F}"
EndProject
Project("{8BC9CEB8-8B4A-11D0-8D11-00A0C91BC942}") = "Cinema", "Cinema\Cinema.vcxproj", "{45414F20-3224-446B-80EC-14E5BB990F94}"
EndProject
Project("{8BC9CEB8-8B4A-11D0-8D11-00A0C91BC942}") = "SummerOutfit", "SummerOutfit\SummerOutfit.vcxproj", "{2863B50E-32AD-43A3-A28E-0C0607126704}"
EndProject
Project("{8BC9CEB8-8B4A-11D0-8D11-00A0C91BC942}") = "NewHouse", "NewHouse\NewHouse.vcxproj", "{C2CC067E-A68D-4ED4-A023-5EC87E9C7A96}"
EndProject
Project("{8BC9CEB8-8B4A-11D0-8D11-00A0C91BC942}") = "FishingBoat", "FishingBoat\FishingBoat.vcxproj", "{EB8638EA-11F0-4A95-996F-6682A795A998}"
EndProject
Project("{8BC9CEB8-8B4A-11D0-8D11-00A0C91BC942}") = "Journey", "Journey\Journey.vcxproj", "{5B6B70DD-4F72-4E78-AC90-FD3EC1F7D3E3}"
EndProject
Project("{8BC9CEB8-8B4A-11D0-8D11-00A0C91BC942}") = "OperationsBetweenNumbers", "OperationsBetweenNumbers\OperationsBetweenNumbers.vcxproj", "{3E048E51-F315-46D9-91BB-E37A92F816E2}"
EndProject
Project("{8BC9CEB8-8B4A-11D0-8D11-00A0C91BC942}") = "HotelRoom", "HotelRoom\HotelRoom.vcxproj", "{AF5B9EE1-FB63-4E28-BE2B-EF7E0941DB1B}"
EndProject
Project("{8BC9CEB8-8B4A-11D0-8D11-00A0C91BC942}") = "OnTimeForTheExam", "OnTimeForTheExam\OnTimeForTheExam.vcxproj", "{D4F4FC0B-AB8D-42BD-8A2B-F47ECDED20D6}"
EndProject
Project("{8BC9CEB8-8B4A-11D0-8D11-00A0C91BC942}") = "SkiTrip", "SkiTrip\SkiTrip.vcxproj", "{5D489502-0D5A-4D10-94CE-AE4D59411928}"
EndProject
Global
	GlobalSection(SolutionConfigurationPlatforms) = preSolution
		Debug|x64 = Debug|x64
		Debug|x86 = Debug|x86
		Release|x64 = Release|x64
		Release|x86 = Release|x86
	EndGlobalSection
	GlobalSection(ProjectConfigurationPlatforms) = postSolution
		{8E911371-41E3-4A87-86E8-F0576343ADB4}.Debug|x64.ActiveCfg = Debug|x64
		{8E911371-41E3-4A87-86E8-F0576343ADB4}.Debug|x64.Build.0 = Debug|x64
		{8E911371-41E3-4A87-86E8-F0576343ADB4}.Debug|x86.ActiveCfg = Debug|Win32
		{8E911371-41E3-4A87-86E8-F0576343ADB4}.Debug|x86.Build.0 = Debug|Win32
		{8E911371-41E3-4A87-86E8-F0576343ADB4}.Release|x64.ActiveCfg = Release|x64
		{8E911371-41E3-4A87-86E8-F0576343ADB4}.Release|x64.Build.0 = Release|x64
		{8E911371-41E3-4A87-86E8-F0576343ADB4}.Release|x86.ActiveCfg = Release|Win32
		{8E911371-41E3-4A87-86E8-F0576343ADB4}.Release|x86.Build.0 = Release|Win32
		{C6BD46F0-3D0A-415B-A1A3-CF235F858B4B}.Debug|x64.ActiveCfg = Debug|x64
		{C6BD46F0-3D0A-415B-A1A3-CF235F858B4B}.Debug|x64.Build.0 = Debug|x64
		{C6BD46F0-3D0A-415B-A1A3-CF235F858B4B}.Debug|x86.ActiveCfg = Debug|Win32
		{C6BD46F0-3D0A-415B-A1A3-CF235F858B4B}.Debug|x86.Build.0 = Debug|Win32
		{C6BD46F0-3D0A-415B-A1A3-CF235F858B4B}.Release|x64.ActiveCfg = Release|x64
		{C6BD46F0-3D0A-415B-A1A3-CF235F858B4B}.Release|x64.Build.0 = Release|x64
		{C6BD46F0-3D0A-415B-A1A3-CF235F858B4B}.Release|x86.ActiveCfg = Release|Win32
		{C6BD46F0-3D0A-415B-A1A3-CF235F858B4B}.Release|x86.Build.0 = Release|Win32
		{5581CDE9-75E5-42FE-B704-D0E2C8366594}.Debug|x64.ActiveCfg = Debug|x64
		{5581CDE9-75E5-42FE-B704-D0E2C8366594}.Debug|x64.Build.0 = Debug|x64
		{5581CDE9-75E5-42FE-B704-D0E2C8366594}.Debug|x86.ActiveCfg = Debug|Win32
		{5581CDE9-75E5-42FE-B704-D0E2C8366594}.Debug|x86.Build.0 = Debug|Win32
		{5581CDE9-75E5-42FE-B704-D0E2C8366594}.Release|x64.ActiveCfg = Release|x64
		{5581CDE9-75E5-42FE-B704-D0E2C8366594}.Release|x64.Build.0 = Release|x64
		{5581CDE9-75E5-42FE-B704-D0E2C8366594}.Release|x86.ActiveCfg = Release|Win32
		{5581CDE9-75E5-42FE-B704-D0E2C8366594}.Release|x86.Build.0 = Release|Win32
		{F2A79729-ADDA-4813-8D69-51E7B6A14148}.Debug|x64.ActiveCfg = Debug|x64
		{F2A79729-ADDA-4813-8D69-51E7B6A14148}.Debug|x64.Build.0 = Debug|x64
		{F2A79729-ADDA-4813-8D69-51E7B6A14148}.Debug|x86.ActiveCfg = Debug|Win32
		{F2A79729-ADDA-4813-8D69-51E7B6A14148}.Debug|x86.Build.0 = Debug|Win32
		{F2A79729-ADDA-4813-8D69-51E7B6A14148}.Release|x64.ActiveCfg = Release|x64
		{F2A79729-ADDA-4813-8D69-51E7B6A14148}.Release|x64.Build.0 = Release|x64
		{F2A79729-ADDA-4813-8D69-51E7B6A14148}.Release|x86.ActiveCfg = Release|Win32
		{F2A79729-ADDA-4813-8D69-51E7B6A14148}.Release|x86.Build.0 = Release|Win32
		{5BB84E96-DC83-4192-9EB0-7D1FBAEFF53A}.Debug|x64.ActiveCfg = Debug|x64
		{5BB84E96-DC83-4192-9EB0-7D1FBAEFF53A}.Debug|x64.Build.0 = Debug|x64
		{5BB84E96-DC83-4192-9EB0-7D1FBAEFF53A}.Debug|x86.ActiveCfg = Debug|Win32
		{5BB84E96-DC83-4192-9EB0-7D1FBAEFF53A}.Debug|x86.Build.0 = Debug|Win32
		{5BB84E96-DC83-4192-9EB0-7D1FBAEFF53A}.Release|x64.ActiveCfg = Release|x64
		{5BB84E96-DC83-4192-9EB0-7D1FBAEFF53A}.Release|x64.Build.0 = Release|x64
		{5BB84E96-DC83-4192-9EB0-7D1FBAEFF53A}.Release|x86.ActiveCfg = Release|Win32
		{5BB84E96-DC83-4192-9EB0-7D1FBAEFF53A}.Release|x86.Build.0 = Release|Win32
		{46AEA642-FF3D-425B-908D-B2D1A2A8E589}.Debug|x64.ActiveCfg = Debug|x64
		{46AEA642-FF3D-425B-908D-B2D1A2A8E589}.Debug|x64.Build.0 = Debug|x64
		{46AEA642-FF3D-425B-908D-B2D1A2A8E589}.Debug|x86.ActiveCfg = Debug|Win32
		{46AEA642-FF3D-425B-908D-B2D1A2A8E589}.Debug|x86.Build.0 = Debug|Win32
		{46AEA642-FF3D-425B-908D-B2D1A2A8E589}.Release|x64.ActiveCfg = Release|x64
		{46AEA642-FF3D-425B-908D-B2D1A2A8E589}.Release|x64.Build.0 = Release|x64
		{46AEA642-FF3D-425B-908D-B2D1A2A8E589}.Release|x86.ActiveCfg = Release|Win32
		{46AEA642-FF3D-425B-908D-B2D1A2A8E589}.Release|x86.Build.0 = Release|Win32
		{B0D5F1E0-6735-48E0-BE17-7BEB9587E035}.Debug|x64.ActiveCfg = Debug|x64
		{B0D5F1E0-6735-48E0-BE17-7BEB9587E035}.Debug|x64.Build.0 = Debug|x64
		{B0D5F1E0-6735-48E0-BE17-7BEB9587E035}.Debug|x86.ActiveCfg = Debug|Win32
		{B0D5F1E0-6735-48E0-BE17-7BEB9587E035}.Debug|x86.Build.0 = Debug|Win32
		{B0D5F1E0-6735-48E0-BE17-7BEB9587E035}.Release|x64.ActiveCfg = Release|x64
		{B0D5F1E0-6735-48E0-BE17-7BEB9587E035}.Release|x64.Build.0 = Release|x64
		{B0D5F1E0-6735-48E0-BE17-7BEB9587E035}.Release|x86.ActiveCfg = Release|Win32
		{B0D5F1E0-6735-48E0-BE17-7BEB9587E035}.Release|x86.Build.0 = Release|Win32
		{83B0C5BA-F9DF-44C9-A685-24A1D50EF0AD}.Debug|x64.ActiveCfg = Debug|x64
		{83B0C5BA-F9DF-44C9-A685-24A1D50EF0AD}.Debug|x64.Build.0 = Debug|x64
		{83B0C5BA-F9DF-44C9-A685-24A1D50EF0AD}.Debug|x86.ActiveCfg = Debug|Win32
		{83B0C5BA-F9DF-44C9-A685-24A1D50EF0AD}.Debug|x86.Build.0 = Debug|Win32
		{83B0C5BA-F9DF-44C9-A685-24A1D50EF0AD}.Release|x64.ActiveCfg = Release|x64
		{83B0C5BA-F9DF-44C9-A685-24A1D50EF0AD}.Release|x64.Build.0 = Release|x64
		{83B0C5BA-F9DF-44C9-A685-24A1D50EF0AD}.Release|x86.ActiveCfg = Release|Win32
		{83B0C5BA-F9DF-44C9-A685-24A1D50EF0AD}.Release|x86.Build.0 = Release|Win32
		{4A2FDE83-B34C-4836-8359-11EA03BF8A7F}.Debug|x64.ActiveCfg = Debug|x64
		{4A2FDE83-B34C-4836-8359-11EA03BF8A7F}.Debug|x64.Build.0 = Debug|x64
		{4A2FDE83-B34C-4836-8359-11EA03BF8A7F}.Debug|x86.ActiveCfg = Debug|Win32
		{4A2FDE83-B34C-4836-8359-11EA03BF8A7F}.Debug|x86.Build.0 = Debug|Win32
		{4A2FDE83-B34C-4836-8359-11EA03BF8A7F}.Release|x64.ActiveCfg = Release|x64
		{4A2FDE83-B34C-4836-8359-11EA03BF8A7F}.Release|x64.Build.0 = Release|x64
		{4A2FDE83-B34C-4836-8359-11EA03BF8A7F}.Release|x86.ActiveCfg = Release|Win32
		{4A2FDE83-B34C-4836-8359-11EA03BF8A7F}.Release|x86.Build.0 = Release|Win32
		{9823C5FD-5797-4240-B15D-47DB03AC2628}.Debug|x64.ActiveCfg = Debug|x64
		{9823C5FD-5797-4240-B15D-47DB03AC2628}.Debug|x64.Build.0 = Debug|x64
		{9823C5FD-5797-4240-B15D-47DB03AC2628}.Debug|x86.ActiveCfg = Debug|Win32
		{9823C5FD-5797-4240-B15D-47DB03AC2628}.Debug|x86.Build.0 = Debug|Win32
		{9823C5FD-5797-4240-B15D-47DB03AC2628}.Release|x64.ActiveCfg = Release|x64
		{9823C5FD-5797-4240-B15D-47DB03AC2628}.Release|x64.Build.0 = Release|x64
		{9823C5FD-5797-4240-B15D-47DB03AC2628}.Release|x86.ActiveCfg = Release|Win32
		{9823C5FD-5797-4240-B15D-47DB03AC2628}.Release|x86.Build.0 = Release|Win32
		{DBBC3B37-2001-4753-9090-F57B08DE111C}.Debug|x64.ActiveCfg = Debug|x64
		{DBBC3B37-2001-4753-9090-F57B08DE111C}.Debug|x64.Build.0 = Debug|x64
		{DBBC3B37-2001-4753-9090-F57B08DE111C}.Debug|x86.ActiveCfg = Debug|Win32
		{DBBC3B37-2001-4753-9090-F57B08DE111C}.Debug|x86.Build.0 = Debug|Win32
		{DBBC3B37-2001-4753-9090-F57B08DE111C}.Release|x64.ActiveCfg = Release|x64
		{DBBC3B37-2001-4753-9090-F57B08DE111C}.Release|x64.Build.0 = Release|x64
		{DBBC3B37-2001-4753-9090-F57B08DE111C}.Release|x86.ActiveCfg = Release|Win32
		{DBBC3B37-2001-4753-9090-F57B08DE111C}.Release|x86.Build.0 = Release|Win32
		{082106C4-5B9F-4AD2-9AF0-2B0A52D0B794}.Debug|x64.ActiveCfg = Debug|x64
		{082106C4-5B9F-4AD2-9AF0-2B0A52D0B794}.Debug|x64.Build.0 = Debug|x64
		{082106C4-5B9F-4AD2-9AF0-2B0A52D0B794}.Debug|x86.ActiveCfg = Debug|Win32
		{082106C4-5B9F-4AD2-9AF0-2B0A52D0B794}.Debug|x86.Build.0 = Debug|Win32
		{082106C4-5B9F-4AD2-9AF0-2B0A52D0B794}.Release|x64.ActiveCfg = Release|x64
		{082106C4-5B9F-4AD2-9AF0-2B0A52D0B794}.Release|x64.Build.0 = Release|x64
		{082106C4-5B9F-4AD2-9AF0-2B0A52D0B794}.Release|x86.ActiveCfg = Release|Win32
		{082106C4-5B9F-4AD2-9AF0-2B0A52D0B794}.Release|x86.Build.0 = Release|Win32
		{A3BC236C-4EB1-4E81-826F-AA19B754543F}.Debug|x64.ActiveCfg = Debug|x64
		{A3BC236C-4EB1-4E81-826F-AA19B754543F}.Debug|x64.Build.0 = Debug|x64
		{A3BC236C-4EB1-4E81-826F-AA19B754543F}.Debug|x86.ActiveCfg = Debug|Win32
		{A3BC236C-4EB1-4E81-826F-AA19B754543F}.Debug|x86.Build.0 = Debug|Win32
		{A3BC236C-4EB1-4E81-826F-AA19B754543F}.Release|x64.ActiveCfg = Release|x64
		{A3BC236C-4EB1-4E81-826F-AA19B754543F}.Release|x64.Build.0 = Release|x64
		{A3BC236C-4EB1-4E81-826F-AA19B754543F}.Release|x86.ActiveCfg = Release|Win32
		{A3BC236C-4EB1-4E81-826F-AA19B754543F}.Release|x86.Build.0 = Release|Win32
		{45414F20-3224-446B-80EC-14E5BB990F94}.Debug|x64.ActiveCfg = Debug|x64
		{45414F20-3224-446B-80EC-14E5BB990F94}.Debug|x64.Build.0 = Debug|x64
		{45414F20-3224-446B-80EC-14E5BB990F94}.Debug|x86.ActiveCfg = Debug|Win32
		{45414F20-3224-446B-80EC-14E5BB990F94}.Debug|x86.Build.0 = Debug|Win32
		{45414F20-3224-446B-80EC-14E5BB990F94}.Release|x64.ActiveCfg = Release|x64
		{45414F20-3224-446B-80EC-14E5BB990F94}.Release|x64.Build.0 = Release|x64
		{45414F20-3224-446B-80EC-14E5BB990F94}.Release|x86.ActiveCfg = Release|Win32
		{45414F20-3224-446B-80EC-14E5BB990F94}.Release|x86.Build.0 = Release|Win32
		{2863B50E-32AD-43A3-A28E-0C0607126704}.Debug|x64.ActiveCfg = Debug|x64
		{2863B50E-32AD-43A3-A28E-0C0607126704}.Debug|x64.Build.0 = Debug|x64
		{2863B50E-32AD-43A3-A28E-0C0607126704}.Debug|x86.ActiveCfg = Debug|Win32
		{2863B50E-32AD-43A3-A28E-0C0607126704}.Debug|x86.Build.0 = Debug|Win32
		{2863B50E-32AD-43A3-A28E-0C0607126704}.Release|x64.ActiveCfg = Release|x64
		{2863B50E-32AD-43A3-A28E-0C0607126704}.Release|x64.Build.0 = Release|x64
		{2863B50E-32AD-43A3-A28E-0C0607126704}.Release|x86.ActiveCfg = Release|Win32
		{2863B50E-32AD-43A3-A28E-0C0607126704}.Release|x86.Build.0 = Release|Win32
		{C2CC067E-A68D-4ED4-A023-5EC87E9C7A96}.Debug|x64.ActiveCfg = Debug|x64
		{C2CC067E-A68D-4ED4-A023-5EC87E9C7A96}.Debug|x64.Build.0 = Debug|x64
		{C2CC067E-A68D-4ED4-A023-5EC87E9C7A96}.Debug|x86.ActiveCfg = Debug|Win32
		{C2CC067E-A68D-4ED4-A023-5EC87E9C7A96}.Debug|x86.Build.0 = Debug|Win32
		{C2CC067E-A68D-4ED4-A023-5EC87E9C7A96}.Release|x64.ActiveCfg = Release|x64
		{C2CC067E-A68D-4ED4-A023-5EC87E9C7A96}.Release|x64.Build.0 = Release|x64
		{C2CC067E-A68D-4ED4-A023-5EC87E9C7A96}.Release|x86.ActiveCfg = Release|Win32
		{C2CC067E-A68D-4ED4-A023-5EC87E9C7A96}.Release|x86.Build.0 = Release|Win32
		{EB8638EA-11F0-4A95-996F-6682A795A998}.Debug|x64.ActiveCfg = Debug|x64
		{EB8638EA-11F0-4A95-996F-6682A795A998}.Debug|x64.Build.0 = Debug|x64
		{EB8638EA-11F0-4A95-996F-6682A795A998}.Debug|x86.ActiveCfg = Debug|Win32
		{EB8638EA-11F0-4A95-996F-6682A795A998}.Debug|x86.Build.0 = Debug|Win32
		{EB8638EA-11F0-4A95-996F-6682A795A998}.Release|x64.ActiveCfg = Release|x64
		{EB8638EA-11F0-4A95-996F-6682A795A998}.Release|x64.Build.0 = Release|x64
		{EB8638EA-11F0-4A95-996F-6682A795A998}.Release|x86.ActiveCfg = Release|Win32
		{EB8638EA-11F0-4A95-996F-6682A795A998}.Release|x86.Build.0 = Release|Win32
		{5B6B70DD-4F72-4E78-AC90-FD3EC1F7D3E3}.Debug|x64.ActiveCfg = Debug|x64
		{5B6B70DD-4F72-4E78-AC90-FD3EC1F7D3E3}.Debug|x64.Build.0 = Debug|x64
		{5B6B70DD-4F72-4E78-AC90-FD3EC1F7D3E3}.Debug|x86.ActiveCfg = Debug|Win32
		{5B6B70DD-4F72-4E78-AC90-FD3EC1F7D3E3}.Debug|x86.Build.0 = Debug|Win32
		{5B6B70DD-4F72-4E78-AC90-FD3EC1F7D3E3}.Release|x64.ActiveCfg = Release|x64
		{5B6B70DD-4F72-4E78-AC90-FD3EC1F7D3E3}.Release|x64.Build.0 = Release|x64
		{5B6B70DD-4F72-4E78-AC90-FD3EC1F7D3E3}.Release|x86.ActiveCfg = Release|Win32
		{5B6B70DD-4F72-4E78-AC90-FD3EC1F7D3E3}.Release|x86.Build.0 = Release|Win32
		{3E048E51-F315-46D9-91BB-E37A92F816E2}.Debug|x64.ActiveCfg = Debug|x64
		{3E048E51-F315-46D9-91BB-E37A92F816E2}.Debug|x64.Build.0 = Debug|x64
		{3E048E51-F315-46D9-91BB-E37A92F816E2}.Debug|x86.ActiveCfg = Debug|Win32
		{3E048E51-F315-46D9-91BB-E37A92F816E2}.Debug|x86.Build.0 = Debug|Win32
		{3E048E51-F315-46D9-91BB-E37A92F816E2}.Release|x64.ActiveCfg = Release|x64
		{3E048E51-F315-46D9-91BB-E37A92F816E2}.Release|x64.Build.0 = Release|x64
		{3E048E51-F315-46D9-91BB-E37A92F816E2}.Release|x86.ActiveCfg = Release|Win32
		{3E048E51-F315-46D9-91BB-E37A92F816E2}.Release|x86.Build.0 = Release|Win32
		{AF5B9EE1-FB63-4E28-BE2B-EF7E0941DB1B}.Debug|x64.ActiveCfg = Debug|x64
		{AF5B9EE1-FB63-4E28-BE2B-EF7E0941DB1B}.Debug|x64.Build.0 = Debug|x64
		{AF5B9EE1-FB63-4E28-BE2B-EF7E0941DB1B}.Debug|x86.ActiveCfg = Debug|Win32
		{AF5B9EE1-FB63-4E28-BE2B-EF7E0941DB1B}.Debug|x86.Build.0 = Debug|Win32
		{AF5B9EE1-FB63-4E28-BE2B-EF7E0941DB1B}.Release|x64.ActiveCfg = Release|x64
		{AF5B9EE1-FB63-4E28-BE2B-EF7E0941DB1B}.Release|x64.Build.0 = Release|x64
		{AF5B9EE1-FB63-4E28-BE2B-EF7E0941DB1B}.Release|x86.ActiveCfg = Release|Win32
		{AF5B9EE1-FB63-4E28-BE2B-EF7E0941DB1B}.Release|x86.Build.0 = Release|Win32
		{D4F4FC0B-AB8D-42BD-8A2B-F47ECDED20D6}.Debug|x64.ActiveCfg = Debug|x64
		{D4F4FC0B-AB8D-42BD-8A2B-F47ECDED20D6}.Debug|x64.Build.0 = Debug|x64
		{D4F4FC0B-AB8D-42BD-8A2B-F47ECDED20D6}.Debug|x86.ActiveCfg = Debug|Win32
		{D4F4FC0B-AB8D-42BD-8A2B-F47ECDED20D6}.Debug|x86.Build.0 = Debug|Win32
		{D4F4FC0B-AB8D-42BD-8A2B-F47ECDED20D6}.Release|x64.ActiveCfg = Release|x64
		{D4F4FC0B-AB8D-42BD-8A2B-F47ECDED20D6}.Release|x64.Build.0 = Release|x64
		{D4F4FC0B-AB8D-42BD-8A2B-F47ECDED20D6}.Release|x86.ActiveCfg = Release|Win32
		{D4F4FC0B-AB8D-42BD-8A2B-F47ECDED20D6}.Release|x86.Build.0 = Release|Win32
		{5D489502-0D5A-4D10-94CE-AE4D59411928}.Debug|x64.ActiveCfg = Debug|x64
		{5D489502-0D5A-4D10-94CE-AE4D59411928}.Debug|x64.Build.0 = Debug|x64
		{5D489502-0D5A-4D10-94CE-AE4D59411928}.Debug|x86.ActiveCfg = Debug|Win32
		{5D489502-0D5A-4D10-94CE-AE4D59411928}.Debug|x86.Build.0 = Debug|Win32
		{5D489502-0D5A-4D10-94CE-AE4D59411928}.Release|x64.ActiveCfg = Release|x64
		{5D489502-0D5A-4D10-94CE-AE4D59411928}.Release|x64.Build.0 = Release|x64
		{5D489502-0D5A-4D10-94CE-AE4D59411928}.Release|x86.ActiveCfg = Release|Win32
		{5D489502-0D5A-4D10-94CE-AE4D59411928}.Release|x86.Build.0 = Release|Win32
	EndGlobalSection
	GlobalSection(SolutionProperties) = preSolution
		HideSolutionNode = FALSE
	EndGlobalSection
	GlobalSection(ExtensibilityGlobals) = postSolution
		SolutionGuid = {AA5D02E8-987F-4FB6-91D6-441CA14335CA}
	EndGlobalSection
EndGlobal
